
Microsoft Visual Studio Solution File, Format Version 12.00
# Visual Studio Version 16
VisualStudioVersion = 16.0.31702.278
MinimumVisualStudioVersion = 10.0.40219.1
Project("{9A19103F-16F7-4668-BE54-9A1E7A4F7556}") = "CoreWebApp", "CoreWebApp\CoreWebApp.csproj", "{342A61E3-20EE-49BD-AA88-F7E72B14CC23}"
EndProject
Project("{9A19103F-16F7-4668-BE54-9A1E7A4F7556}") = "CoreWebApp.Model", "CoreWebApp.Model\CoreWebApp.Model.csproj", "{1FA3EDF7-97DC-41CF-AD32-4BE18EFC5BB3}"
EndProject
Project("{9A19103F-16F7-4668-BE54-9A1E7A4F7556}") = "CoreWebApp.Data", "CoreWebApp.Data\CoreWebApp.Data.csproj", "{6E06C7A8-F56F-4D1C-9A0A-78CB8AA5744A}"
EndProject
Project("{9A19103F-16F7-4668-BE54-9A1E7A4F7556}") = "CoreWebApp.Core", "CoreWebApp.Core\CoreWebApp.Core.csproj", "{DD23C35B-2A97-4226-9E62-2FFFA44A073B}"
EndProject
Project("{9A19103F-16F7-4668-BE54-9A1E7A4F7556}") = "CoreWebApp.Business", "CoreWebApp.Business\CoreWebApp.Business.csproj", "{2A260078-C860-4622-8059-8058B38D4ED6}"
EndProject
Project("{FAE04EC0-301F-11D3-BF4B-00C04F79EFBC}") = "CoreWebApp.Repository", "CoreWebApp.Repository\CoreWebApp.Repository.csproj", "{BF0CFEAD-72C1-4C85-BF66-F77486BDEB6C}"
EndProject
Global
	GlobalSection(SolutionConfigurationPlatforms) = preSolution
		Debug|Any CPU = Debug|Any CPU
		Release|Any CPU = Release|Any CPU
	EndGlobalSection
	GlobalSection(ProjectConfigurationPlatforms) = postSolution
		{342A61E3-20EE-49BD-AA88-F7E72B14CC23}.Debug|Any CPU.ActiveCfg = Debug|Any CPU
		{342A61E3-20EE-49BD-AA88-F7E72B14CC23}.Debug|Any CPU.Build.0 = Debug|Any CPU
		{342A61E3-20EE-49BD-AA88-F7E72B14CC23}.Release|Any CPU.ActiveCfg = Release|Any CPU
		{342A61E3-20EE-49BD-AA88-F7E72B14CC23}.Release|Any CPU.Build.0 = Release|Any CPU
		{1FA3EDF7-97DC-41CF-AD32-4BE18EFC5BB3}.Debug|Any CPU.ActiveCfg = Debug|Any CPU
		{1FA3EDF7-97DC-41CF-AD32-4BE18EFC5BB3}.Debug|Any CPU.Build.0 = Debug|Any CPU
		{1FA3EDF7-97DC-41CF-AD32-4BE18EFC5BB3}.Release|Any CPU.ActiveCfg = Release|Any CPU
		{1FA3EDF7-97DC-41CF-AD32-4BE18EFC5BB3}.Release|Any CPU.Build.0 = Release|Any CPU
		{6E06C7A8-F56F-4D1C-9A0A-78CB8AA5744A}.Debug|Any CPU.ActiveCfg = Debug|Any CPU
		{6E06C7A8-F56F-4D1C-9A0A-78CB8AA5744A}.Debug|Any CPU.Build.0 = Debug|Any CPU
		{6E06C7A8-F56F-4D1C-9A0A-78CB8AA5744A}.Release|Any CPU.ActiveCfg = Release|Any CPU
		{6E06C7A8-F56F-4D1C-9A0A-78CB8AA5744A}.Release|Any CPU.Build.0 = Release|Any CPU
		{DD23C35B-2A97-4226-9E62-2FFFA44A073B}.Debug|Any CPU.ActiveCfg = Debug|Any CPU
		{DD23C35B-2A97-4226-9E62-2FFFA44A073B}.Debug|Any CPU.Build.0 = Debug|Any CPU
		{DD23C35B-2A97-4226-9E62-2FFFA44A073B}.Release|Any CPU.ActiveCfg = Release|Any CPU
		{DD23C35B-2A97-4226-9E62-2FFFA44A073B}.Release|Any CPU.Build.0 = Release|Any CPU
		{2A260078-C860-4622-8059-8058B38D4ED6}.Debug|Any CPU.ActiveCfg = Debug|Any CPU
		{2A260078-C860-4622-8059-8058B38D4ED6}.Debug|Any CPU.Build.0 = Debug|Any CPU
		{2A260078-C860-4622-8059-8058B38D4ED6}.Release|Any CPU.ActiveCfg = Release|Any CPU
		{2A260078-C860-4622-8059-8058B38D4ED6}.Release|Any CPU.Build.0 = Release|Any CPU
		{BF0CFEAD-72C1-4C85-BF66-F77486BDEB6C}.Debug|Any CPU.ActiveCfg = Debug|Any CPU
		{BF0CFEAD-72C1-4C85-BF66-F77486BDEB6C}.Debug|Any CPU.Build.0 = Debug|Any CPU
		{BF0CFEAD-72C1-4C85-BF66-F77486BDEB6C}.Release|Any CPU.ActiveCfg = Release|Any CPU
		{BF0CFEAD-72C1-4C85-BF66-F77486BDEB6C}.Release|Any CPU.Build.0 = Release|Any CPU
	EndGlobalSection
	GlobalSection(SolutionProperties) = preSolution
		HideSolutionNode = FALSE
	EndGlobalSection
	GlobalSection(ExtensibilityGlobals) = postSolution
		SolutionGuid = {98891372-E6A2-4315-AF09-65F645896DCE}
	EndGlobalSection
EndGlobal
